
Microsoft Visual Studio Solution File, Format Version 12.00
# Visual Studio Version 17
VisualStudioVersion = 17.14.36127.28 d17.14
MinimumVisualStudioVersion = 10.0.40219.1
Project("{FAE04EC0-301F-11D3-BF4B-00C04F79EFBC}") = "62CommandTools", "62CommandTools.csproj", "{63BE2EC8-794F-4460-BB8B-0F29FC1D4C33}"
EndProject
Global
	GlobalSection(SolutionConfigurationPlatforms) = preSolution
		Debug|Any CPU = Debug|Any CPU
		Release|Any CPU = Release|Any CPU
	EndGlobalSection
	GlobalSection(ProjectConfigurationPlatforms) = postSolution
		{63BE2EC8-794F-4460-BB8B-0F29FC1D4C33}.Debug|Any CPU.ActiveCfg = Debug|Any CPU
		{63BE2EC8-794F-4460-BB8B-0F29FC1D4C33}.Debug|Any CPU.Build.0 = Debug|Any CPU
		{63BE2EC8-794F-4460-BB8B-0F29FC1D4C33}.Release|Any CPU.ActiveCfg = Release|Any CPU
		{63BE2EC8-794F-4460-BB8B-0F29FC1D4C33}.Release|Any CPU.Build.0 = Release|Any CPU
	EndGlobalSection
	GlobalSection(SolutionProperties) = preSolution
		HideSolutionNode = FALSE
	EndGlobalSection
	GlobalSection(ExtensibilityGlobals) = postSolution
		SolutionGuid = {2081FF6A-E402-4544-9468-44B66716B1C9}
	EndGlobalSection
EndGlobal
